[[package]]
name = "cycler"
version = "0.10.0"
description = "Composable style cycles"
category = "main"
optional = false
python-versions = "*"

[package.dependencies]
six = "*"

[[package]]
name = "kiwisolver"
version = "1.3.1"
description = "A fast implementation of the Cassowary constraint solver"
category = "main"
optional = false
python-versions = ">=3.6"

[[package]]
name = "matplotlib"
version = "3.2.0"
description = "Python plotting package"
category = "main"
optional = false
python-versions = ">=3.6"

[package.dependencies]
cycler = ">=0.10"
kiwisolver = ">=1.0.1"
numpy = ">=1.11"
pyparsing = ">=2.0.1,<2.0.4 || >2.0.4,<2.1.2 || >2.1.2,<2.1.6 || >2.1.6"
python-dateutil = ">=2.1"

[[package]]
name = "mpmath"
version = "1.2.1"
description = "Python library for arbitrary-precision floating-point arithmetic"
category = "main"
optional = false
python-versions = "*"

[package.extras]
develop = ["pytest (>=4.6)", "pycodestyle", "pytest-cov", "codecov", "wheel"]
tests = ["pytest (>=4.6)"]

[[package]]
name = "numpy"
version = "1.20.1"
description = "NumPy is the fundamental package for array computing with Python."
category = "main"
optional = false
python-versions = ">=3.7"

[[package]]
name = "pandas"
version = "1.2.2"
description = "Powerful data structures for data analysis, time series, and statistics"
category = "main"
optional = false
python-versions = ">=3.7.1"

[package.dependencies]
numpy = ">=1.16.5"
python-dateutil = ">=2.7.3"
pytz = ">=2017.3"

[package.extras]
test = ["pytest (>=5.0.1)", "pytest-xdist", "hypothesis (>=3.58)"]

[[package]]
name = "pyparsing"
version = "2.4.7"
description = "Python parsing module"
category = "main"
optional = false
python-versions = ">=2.6, !=3.0.*, !=3.1.*, !=3.2.*"

[[package]]
name = "python-dateutil"
version = "2.8.1"
description = "Extensions to the standard Python datetime module"
category = "main"
optional = false
python-versions = "!=3.0.*,!=3.1.*,!=3.2.*,>=2.7"

[package.dependencies]
six = ">=1.5"

[[package]]
name = "pytz"
version = "2021.1"
description = "World timezone definitions, modern and historical"
category = "main"
optional = false
python-versions = "*"

[[package]]
name = "scipy"
version = "1.6.0"
description = "SciPy: Scientific Library for Python"
category = "main"
optional = false
python-versions = ">=3.7"

[package.dependencies]
numpy = ">=1.16.5"

[[package]]
name = "six"
version = "1.15.0"
description = "Python 2 and 3 compatibility utilities"
category = "main"
optional = false
python-versions = ">=2.7, !=3.0.*, !=3.1.*, !=3.2.*"

[[package]]
name = "sympy"
version = "1.7.1"
description = "Computer algebra system (CAS) in Python"
category = "main"
optional = false
python-versions = ">=3.6"

[package.dependencies]
mpmath = ">=0.19"

[metadata]
lock-version = "1.1"
python-versions = "^3.8"
content-hash = "4c865f98e7255ec6524a2d3271f7db0785eb4460ee1d5fceed218cd8f6bf569a"

[metadata.files]
cycler = [
    {file = "cycler-0.10.0-py2.py3-none-any.whl", hash = "sha256:1d8a5ae1ff6c5cf9b93e8811e581232ad8920aeec647c37316ceac982b08cb2d"},
    {file = "cycler-0.10.0.tar.gz", hash = "sha256:cd7b2d1018258d7247a71425e9f26463dfb444d411c39569972f4ce586b0c9d8"},
]
kiwisolver = [
    {file = "kiwisolver-1.3.1-cp36-cp36m-macosx_10_9_x86_64.whl", hash = "sha256:fd34fbbfbc40628200730bc1febe30631347103fc8d3d4fa012c21ab9c11eca9"},
    {file = "kiwisolver-1.3.1-cp36-cp36m-manylinux1_i686.whl", hash = "sha256:d3155d828dec1d43283bd24d3d3e0d9c7c350cdfcc0bd06c0ad1209c1bbc36d0"},
    {file = "kiwisolver-1.3.1-cp36-cp36m-manylinux1_x86_64.whl", hash = "sha256:5a7a7dbff17e66fac9142ae2ecafb719393aaee6a3768c9de2fd425c63b53e21"},
    {file = "kiwisolver-1.3.1-cp36-cp36m-manylinux2014_aarch64.whl", hash = "sha256:f8d6f8db88049a699817fd9178782867bf22283e3813064302ac59f61d95be05"},
    {file = "kiwisolver-1.3.1-cp36-cp36m-manylinux2014_ppc64le.whl", hash = "sha256:5f6ccd3dd0b9739edcf407514016108e2280769c73a85b9e59aa390046dbf08b"},
    {file = "kiwisolver-1.3.1-cp36-cp36m-win32.whl", hash = "sha256:225e2e18f271e0ed8157d7f4518ffbf99b9450fca398d561eb5c4a87d0986dd9"},
    {file = "kiwisolver-1.3.1-cp36-cp36m-win_amd64.whl", hash = "sha256:cf8b574c7b9aa060c62116d4181f3a1a4e821b2ec5cbfe3775809474113748d4"},
    {file = "kiwisolver-1.3.1-cp37-cp37m-macosx_10_9_x86_64.whl", hash = "sha256:232c9e11fd7ac3a470d65cd67e4359eee155ec57e822e5220322d7b2ac84fbf0"},
    {file = "kiwisolver-1.3.1-cp37-cp37m-manylinux1_i686.whl", hash = "sha256:b38694dcdac990a743aa654037ff1188c7a9801ac3ccc548d3341014bc5ca278"},
    {file = "kiwisolver-1.3.1-cp37-cp37m-manylinux1_x86_64.whl", hash = "sha256:ca3820eb7f7faf7f0aa88de0e54681bddcb46e485beb844fcecbcd1c8bd01689"},
    {file = "kiwisolver-1.3.1-cp37-cp37m-manylinux2014_aarch64.whl", hash = "sha256:c8fd0f1ae9d92b42854b2979024d7597685ce4ada367172ed7c09edf2cef9cb8"},
    {file = "kiwisolver-1.3.1-cp37-cp37m-manylinux2014_ppc64le.whl", hash = "sha256:1e1bc12fb773a7b2ffdeb8380609f4f8064777877b2225dec3da711b421fda31"},
    {file = "kiwisolver-1.3.1-cp37-cp37m-win32.whl", hash = "sha256:72c99e39d005b793fb7d3d4e660aed6b6281b502e8c1eaf8ee8346023c8e03bc"},
    {file = "kiwisolver-1.3.1-cp37-cp37m-win_amd64.whl", hash = "sha256:8be8d84b7d4f2ba4ffff3665bcd0211318aa632395a1a41553250484a871d454"},
    {file = "kiwisolver-1.3.1-cp38-cp38-macosx_10_9_x86_64.whl", hash = "sha256:31dfd2ac56edc0ff9ac295193eeaea1c0c923c0355bf948fbd99ed6018010b72"},
    {file = "kiwisolver-1.3.1-cp38-cp38-manylinux1_i686.whl", hash = "sha256:563c649cfdef27d081c84e72a03b48ea9408c16657500c312575ae9d9f7bc1c3"},
    {file = "kiwisolver-1.3.1-cp38-cp38-manylinux1_x86_64.whl", hash = "sha256:78751b33595f7f9511952e7e60ce858c6d64db2e062afb325985ddbd34b5c131"},
    {file = "kiwisolver-1.3.1-cp38-cp38-manylinux2014_aarch64.whl", hash = "sha256:a357fd4f15ee49b4a98b44ec23a34a95f1e00292a139d6015c11f55774ef10de"},
    {file = "kiwisolver-1.3.1-cp38-cp38-manylinux2014_ppc64le.whl", hash = "sha256:5989db3b3b34b76c09253deeaf7fbc2707616f130e166996606c284395da3f18"},
    {file = "kiwisolver-1.3.1-cp38-cp38-win32.whl", hash = "sha256:c08e95114951dc2090c4a630c2385bef681cacf12636fb0241accdc6b303fd81"},
    {file = "kiwisolver-1.3.1-cp38-cp38-win_amd64.whl", hash = "sha256:44a62e24d9b01ba94ae7a4a6c3fb215dc4af1dde817e7498d901e229aaf50e4e"},
    {file = "kiwisolver-1.3.1-cp39-cp39-macosx_10_9_x86_64.whl", hash = "sha256:50af681a36b2a1dee1d3c169ade9fdc59207d3c31e522519181e12f1b3ba7000"},
    {file = "kiwisolver-1.3.1-cp39-cp39-manylinux1_i686.whl", hash = "sha256:a53d27d0c2a0ebd07e395e56a1fbdf75ffedc4a05943daf472af163413ce9598"},
    {file = "kiwisolver-1.3.1-cp39-cp39-manylinux1_x86_64.whl", hash = "sha256:834ee27348c4aefc20b479335fd422a2c69db55f7d9ab61721ac8cd83eb78882"},
    {file = "kiwisolver-1.3.1-cp39-cp39-manylinux2014_aarch64.whl", hash = "sha256:5c3e6455341008a054cccee8c5d24481bcfe1acdbc9add30aa95798e95c65621"},
    {file = "kiwisolver-1.3.1-cp39-cp39-manylinux2014_ppc64le.whl", hash = "sha256:acef3d59d47dd85ecf909c359d0fd2c81ed33bdff70216d3956b463e12c38a54"},
    {file = "kiwisolver-1.3.1-cp39-cp39-win32.whl", hash = "sha256:c5518d51a0735b1e6cee1fdce66359f8d2b59c3ca85dc2b0813a8aa86818a030"},
    {file = "kiwisolver-1.3.1-cp39-cp39-win_amd64.whl", hash = "sha256:b9edd0110a77fc321ab090aaa1cfcaba1d8499850a12848b81be2222eab648f6"},
    {file = "kiwisolver-1.3.1-pp36-pypy36_pp73-macosx_10_9_x86_64.whl", hash = "sha256:0cd53f403202159b44528498de18f9285b04482bab2a6fc3f5dd8dbb9352e30d"},
    {file = "kiwisolver-1.3.1-pp36-pypy36_pp73-manylinux2010_x86_64.whl", hash = "sha256:33449715e0101e4d34f64990352bce4095c8bf13bed1b390773fc0a7295967b3"},
    {file = "kiwisolver-1.3.1-pp36-pypy36_pp73-win32.whl", hash = "sha256:401a2e9afa8588589775fe34fc22d918ae839aaaf0c0e96441c0fdbce6d8ebe6"},
    {file = "kiwisolver-1.3.1.tar.gz", hash = "sha256:950a199911a8d94683a6b10321f9345d5a3a8433ec58b217ace979e18f16e248"},
]
matplotlib = [
    {file = "matplotlib-3.2.0-cp36-cp36m-macosx_10_9_x86_64.whl", hash = "sha256:0711b07920919951b2c508a773c433cbe07bdad952ea84ed9d18ca7853ccbe8b"},
    {file = "matplotlib-3.2.0-cp36-cp36m-manylinux1_x86_64.whl", hash = "sha256:b93377c6720e7db9cbba57e856a21aae2ff707677a6ee6b3b9d485f22ed82697"},
    {file = "matplotlib-3.2.0-cp36-cp36m-win32.whl", hash = "sha256:8e931015769322ee6860cabb8f975f628788e851092fd5edbdb065b5a516e3af"},
    {file = "matplotlib-3.2.0-cp36-cp36m-win_amd64.whl", hash = "sha256:b21479a4478070c1c0f460e1bf1b65341e6a70ae0da905fcee836651450c66bb"},
    {file = "matplotlib-3.2.0-cp37-cp37m-macosx_10_9_x86_64.whl", hash = "sha256:0ab307e610302971012dc2387c97fc68e58c8eb00045a2c735da1b16353a3e3f"},
    {file = "matplotlib-3.2.0-cp37-cp37m-manylinux1_x86_64.whl", hash = "sha256:d75f5e952562f5e494ae92c1f917fc96c2ce09305a7c1bdc2e6502d3c61fbdc3"},
    {file = "matplotlib-3.2.0-cp37-cp37m-win32.whl", hash = "sha256:9d174cc9681184023a7d520079eb0c085208761c6562710c1de7263d08217ab6"},
    {file = "matplotlib-3.2.0-cp37-cp37m-win_amd64.whl", hash = "sha256:d281862a68b0bfce8f9e02a8e5acaa5cfbec37f37320f59b52eaf54b6423ec13"},
    {file = "matplotlib-3.2.0-cp38-cp38-macosx_10_9_x86_64.whl", hash = "sha256:ee8acb1d4ee204e5cfe361d8f00d7e52c68f81c099b6c6048a3c76bf2c6b46e6"},
    {file = "matplotlib-3.2.0-cp38-cp38-manylinux1_x86_64.whl", hash = "sha256:be937f34047bc09ed22d6a19d970fdc61d5d3191aa62f3262fc7f308e6d2e7f9"},
    {file = "matplotlib-3.2.0-cp38-cp38-win32.whl", hash = "sha256:97a03e73f9ab71db8e4084894550c3af420c8ab1989b5e1306261b17576bf61b"},
    {file = "matplotlib-3.2.0-cp38-cp38-win_amd64.whl", hash = "sha256:d5287cfcabad6f0f71a2627c1bbb6fb0cddacb9844f6c91f210604faa508f562"},
    {file = "matplotlib-3.2.0-pp373-pypy36_pp73-win32.whl", hash = "sha256:fc84f7c7cf1c5a9dbceadb7546818228f019d3b113ce5e362120c895fbba2944"},
    {file = "matplotlib-3.2.0.tar.gz", hash = "sha256:651d76daf9168250370d4befb09f79875daa2224a9096d97dfc3ed764c842be4"},
]
mpmath = [
    {file = "mpmath-1.2.1-py3-none-any.whl", hash = "sha256:604bc21bd22d2322a177c73bdb573994ef76e62edd595d17e00aff24b0667e5c"},
    {file = "mpmath-1.2.1.tar.gz", hash = "sha256:79ffb45cf9f4b101a807595bcb3e72e0396202e0b1d25d689134b48c4216a81a"},
]
numpy = [
    {file = "numpy-1.20.1-cp37-cp37m-macosx_10_9_x86_64.whl", hash = "sha256:ae61f02b84a0211abb56462a3b6cd1e7ec39d466d3160eb4e1da8bf6717cdbeb"},
    {file = "numpy-1.20.1-cp37-cp37m-manylinux1_i686.whl", hash = "sha256:65410c7f4398a0047eea5cca9b74009ea61178efd78d1be9847fac1d6716ec1e"},
    {file = "numpy-1.20.1-cp37-cp37m-manylinux1_x86_64.whl", hash = "sha256:2d7e27442599104ee08f4faed56bb87c55f8b10a5494ac2ead5c98a4b289e61f"},
    {file = "numpy-1.20.1-cp37-cp37m-manylinux2010_i686.whl", hash = "sha256:4ed8e96dc146e12c1c5cdd6fb9fd0757f2ba66048bf94c5126b7efebd12d0090"},
    {file = "numpy-1.20.1-cp37-cp37m-manylinux2010_x86_64.whl", hash = "sha256:ecb5b74c702358cdc21268ff4c37f7466357871f53a30e6f84c686952bef16a9"},
    {file = "numpy-1.20.1-cp37-cp37m-manylinux2014_aarch64.whl", hash = "sha256:b9410c0b6fed4a22554f072a86c361e417f0258838957b78bd063bde2c7f841f"},
    {file = "numpy-1.20.1-cp37-cp37m-win32.whl", hash = "sha256:3d3087e24e354c18fb35c454026af3ed8997cfd4997765266897c68d724e4845"},
    {file = "numpy-1.20.1-cp37-cp37m-win_amd64.whl", hash = "sha256:89f937b13b8dd17b0099c7c2e22066883c86ca1575a975f754babc8fbf8d69a9"},
    {file = "numpy-1.20.1-cp38-cp38-macosx_10_9_x86_64.whl", hash = "sha256:a1d7995d1023335e67fb070b2fae6f5968f5be3802b15ad6d79d81ecaa014fe0"},
    {file = "numpy-1.20.1-cp38-cp38-manylinux1_i686.whl", hash = "sha256:60759ab15c94dd0e1ed88241fd4fa3312db4e91d2c8f5a2d4cf3863fad83d65b"},
    {file = "numpy-1.20.1-cp38-cp38-manylinux1_x86_64.whl", hash = "sha256:125a0e10ddd99a874fd357bfa1b636cd58deb78ba4a30b5ddb09f645c3512e04"},
    {file = "numpy-1.20.1-cp38-cp38-manylinux2010_i686.whl", hash = "sha256:c26287dfc888cf1e65181f39ea75e11f42ffc4f4529e5bd19add57ad458996e2"},
    {file = "numpy-1.20.1-cp38-cp38-manylinux2010_x86_64.whl", hash = "sha256:7199109fa46277be503393be9250b983f325880766f847885607d9b13848f257"},
    {file = "numpy-1.20.1-cp38-cp38-manylinux2014_aarch64.whl", hash = "sha256:72251e43ac426ff98ea802a931922c79b8d7596480300eb9f1b1e45e0543571e"},
    {file = "numpy-1.20.1-cp38-cp38-win32.whl", hash = "sha256:c91ec9569facd4757ade0888371eced2ecf49e7982ce5634cc2cf4e7331a4b14"},
    {file = "numpy-1.20.1-cp38-cp38-win_amd64.whl", hash = "sha256:13adf545732bb23a796914fe5f891a12bd74cf3d2986eed7b7eba2941eea1590"},
    {file = "numpy-1.20.1-cp39-cp39-macosx_10_9_x86_64.whl", hash = "sha256:104f5e90b143dbf298361a99ac1af4cf59131218a045ebf4ee5990b83cff5fab"},
    {file = "numpy-1.20.1-cp39-cp39-manylinux2010_i686.whl", hash = "sha256:89e5336f2bec0c726ac7e7cdae181b325a9c0ee24e604704ed830d241c5e47ff"},
    {file = "numpy-1.20.1-cp39-cp39-manylinux2010_x86_64.whl", hash = "sha256:032be656d89bbf786d743fee11d01ef318b0781281241997558fa7950028dd29"},
    {file = "numpy-1.20.1-cp39-cp39-manylinux2014_aarch64.whl", hash = "sha256:66b467adfcf628f66ea4ac6430ded0614f5cc06ba530d09571ea404789064adc"},
    {file = "numpy-1.20.1-cp39-cp39-win32.whl", hash = "sha256:12e4ba5c6420917571f1a5becc9338abbde71dd811ce40b37ba62dec7b39af6d"},
    {file = "numpy-1.20.1-cp39-cp39-win_amd64.whl", hash = "sha256:9c94cab5054bad82a70b2e77741271790304651d584e2cdfe2041488e753863b"},
    {file = "numpy-1.20.1-pp37-pypy37_pp73-manylinux2010_x86_64.whl", hash = "sha256:9eb551d122fadca7774b97db8a112b77231dcccda8e91a5bc99e79890797175e"},
    {file = "numpy-1.20.1.zip", hash = "sha256:3bc63486a870294683980d76ec1e3efc786295ae00128f9ea38e2c6e74d5a60a"},
]
pandas = [
    {file = "pandas-1.2.2-cp37-cp37m-macosx_10_9_x86_64.whl", hash = "sha256:c76a108272a4de63189b8f64086bbaf8348841d7e610b52f50959fbbf401524f"},
    {file = "pandas-1.2.2-cp37-cp37m-manylinux1_i686.whl", hash = "sha256:e61a089151f1ed78682aa77a3bcae0495cf8e585546c26924857d7e8a9960568"},
    {file = "pandas-1.2.2-cp37-cp37m-manylinux1_x86_64.whl", hash = "sha256:fc351cd2df318674669481eb978a7799f24fd14ef26987a1aa75105b0531d1a1"},
    {file = "pandas-1.2.2-cp37-cp37m-win32.whl", hash = "sha256:05ca6bda50123158eb15e716789083ca4c3b874fd47688df1716daa72644ee1c"},
    {file = "pandas-1.2.2-cp37-cp37m-win_amd64.whl", hash = "sha256:08b6bbe74ae2b3e4741a744d2bce35ce0868a6b4189d8b84be26bb334f73da4c"},
    {file = "pandas-1.2.2-cp38-cp38-macosx_10_9_x86_64.whl", hash = "sha256:230de25bd9791748b2638c726a5f37d77a96a83854710110fadd068d1e2c2c9f"},
    {file = "pandas-1.2.2-cp38-cp38-manylinux1_i686.whl", hash = "sha256:a50cf3110a1914442e7b7b9cef394ef6bed0d801b8a34d56f4c4e927bbbcc7d0"},
    {file = "pandas-1.2.2-cp38-cp38-manylinux1_x86_64.whl", hash = "sha256:4d33537a375cfb2db4d388f9a929b6582a364137ea6c6b161b0166440d6ffe36"},
    {file = "pandas-1.2.2-cp38-cp38-manylinux2014_aarch64.whl", hash = "sha256:8ac028cd9a6e1efe43f3dc36f708263838283535cc45430a98b9803f44f4c84b"},
    {file = "pandas-1.2.2-cp38-cp38-win32.whl", hash = "sha256:c43d1beb098a1da15934262009a7120aac8dafa20d042b31dab48c28868eb5a4"},
    {file = "pandas-1.2.2-cp38-cp38-win_amd64.whl", hash = "sha256:69a70d79a791fa1fd5f6e84b8b6dec2ec92369bde4ab2e18d43fc8a1825f51d1"},
    {file = "pandas-1.2.2-cp39-cp39-macosx_10_9_x86_64.whl", hash = "sha256:cbad4155028b8ca66aa19a8b13f593ebbf51bfb6c3f2685fe64f04d695a81864"},
    {file = "pandas-1.2.2-cp39-cp39-manylinux1_i686.whl", hash = "sha256:fbddbb20f30308ba2546193d64e18c23b69f59d48cdef73676cbed803495c8dc"},
    {file = "pandas-1.2.2-cp39-cp39-manylinux1_x86_64.whl", hash = "sha256:214ae60b1f863844e97c87f758c29940ffad96c666257323a4bb2a33c58719c2"},
    {file = "pandas-1.2.2-cp39-cp39-manylinux2014_aarch64.whl", hash = "sha256:26b4919eb3039a686a86cd4f4a74224f8f66e3a419767da26909dcdd3b37c31e"},
    {file = "pandas-1.2.2-cp39-cp39-win32.whl", hash = "sha256:e3c250faaf9979d0ec836d25e420428db37783fa5fed218da49c9fc06f80f51c"},
    {file = "pandas-1.2.2-cp39-cp39-win_amd64.whl", hash = "sha256:e9bbcc7b5c432600797981706f5b54611990c6a86b2e424329c995eea5f9c42b"},
    {file = "pandas-1.2.2.tar.gz", hash = "sha256:14ed84b463e9b84c8ff9308a79b04bf591ae3122a376ee0f62c68a1bd917a773"},
]
pyparsing = [
    {file = "pyparsing-2.4.7-py2.py3-none-any.whl", hash = "sha256:ef9d7589ef3c200abe66653d3f1ab1033c3c419ae9b9bdb1240a85b024efc88b"},
    {file = "pyparsing-2.4.7.tar.gz", hash = "sha256:c203ec8783bf771a155b207279b9bccb8dea02d8f0c9e5f8ead507bc3246ecc1"},
]
python-dateutil = [
    {file = "python-dateutil-2.8.1.tar.gz", hash = "sha256:73ebfe9dbf22e832286dafa60473e4cd239f8592f699aa5adaf10050e6e1823c"},
    {file = "python_dateutil-2.8.1-py2.py3-none-any.whl", hash = "sha256:75bb3f31ea686f1197762692a9ee6a7550b59fc6ca3a1f4b5d7e32fb98e2da2a"},
]
pytz = [
    {file = "pytz-2021.1-py2.py3-none-any.whl", hash = "sha256:eb10ce3e7736052ed3623d49975ce333bcd712c7bb19a58b9e2089d4057d0798"},
    {file = "pytz-2021.1.tar.gz", hash = "sha256:83a4a90894bf38e243cf052c8b58f381bfe9a7a483f6a9cab140bc7f702ac4da"},
]
scipy = [
    {file = "scipy-1.6.0-cp37-cp37m-macosx_10_9_x86_64.whl", hash = "sha256:3d4303e3e21d07d9557b26a1707bb9fc065510ee8501c9bf22a0157249a82fd0"},
    {file = "scipy-1.6.0-cp37-cp37m-manylinux1_i686.whl", hash = "sha256:1bc5b446600c4ff7ab36bade47180673141322f0febaa555f1c433fe04f2a0e3"},
    {file = "scipy-1.6.0-cp37-cp37m-manylinux1_x86_64.whl", hash = "sha256:8840a9adb4ede3751f49761653d3ebf664f25195fdd42ada394ffea8903dd51d"},
    {file = "scipy-1.6.0-cp37-cp37m-manylinux2014_aarch64.whl", hash = "sha256:8629135ee00cc2182ac8be8e75643b9f02235942443732c2ed69ab48edcb6614"},
    {file = "scipy-1.6.0-cp37-cp37m-win32.whl", hash = "sha256:58731bbe0103e96b89b2f41516699db9b63066e4317e31b8402891571f6d358f"},
    {file = "scipy-1.6.0-cp37-cp37m-win_amd64.whl", hash = "sha256:876badc33eec20709d4e042a09834f5953ebdac4088d45a4f3a1f18b56885718"},
    {file = "scipy-1.6.0-cp38-cp38-macosx_10_9_x86_64.whl", hash = "sha256:c0911f3180de343643f369dc5cfedad6ba9f939c2d516bddea4a6871eb000722"},
    {file = "scipy-1.6.0-cp38-cp38-manylinux1_i686.whl", hash = "sha256:b8af26839ae343655f3ca377a5d5e5466f1d3b3ac7432a43449154fe958ae0e0"},
    {file = "scipy-1.6.0-cp38-cp38-manylinux1_x86_64.whl", hash = "sha256:4f1d9cc977ac6a4a63c124045c1e8bf67ec37098f67c699887a93736961a00ae"},
    {file = "scipy-1.6.0-cp38-cp38-manylinux2014_aarch64.whl", hash = "sha256:eb7928275f3560d47e5538e15e9f32b3d64cd30ea8f85f3e82987425476f53f6"},
    {file = "scipy-1.6.0-cp38-cp38-win32.whl", hash = "sha256:31ab217b5c27ab429d07428a76002b33662f98986095bbce5d55e0788f7e8b15"},
    {file = "scipy-1.6.0-cp38-cp38-win_amd64.whl", hash = "sha256:2f1c2ebca6fd867160e70102200b1bd07b3b2d31a3e6af3c58d688c15d0d07b7"},
    {file = "scipy-1.6.0-cp39-cp39-macosx_10_9_x86_64.whl", hash = "sha256:155225621df90fcd151e25d51c50217e412de717475999ebb76e17e310176981"},
    {file = "scipy-1.6.0-cp39-cp39-manylinux1_i686.whl", hash = "sha256:f68d5761a2d2376e2b194c8e9192bbf7c51306ca176f1a0889990a52ef0d551f"},
    {file = "scipy-1.6.0-cp39-cp39-manylinux1_x86_64.whl", hash = "sha256:d902d3a5ad7f28874c0a82db95246d24ca07ad932741df668595fe00a4819870"},
    {file = "scipy-1.6.0-cp39-cp39-manylinux2014_aarch64.whl", hash = "sha256:aef3a2dbc436bbe8f6e0b635f0b5fe5ed024b522eee4637dbbe0b974129ca734"},
    {file = "scipy-1.6.0-cp39-cp39-win32.whl", hash = "sha256:cdbc47628184a0ebeb5c08f1892614e1bd4a51f6e0d609c6eed253823a960f5b"},
    {file = "scipy-1.6.0-cp39-cp39-win_amd64.whl", hash = "sha256:313785c4dab65060f9648112d025f6d2fec69a8a889c714328882d678a95f053"},
    {file = "scipy-1.6.0.tar.gz", hash = "sha256:cb6dc9f82dfd95f6b9032a8d7ea70efeeb15d5b5fd6ed4e8537bb3c673580566"},
]
six = [
    {file = "six-1.15.0-py2.py3-none-any.whl", hash = "sha256:8b74bedcbbbaca38ff6d7491d76f2b06b3592611af620f8426e82dddb04a5ced"},
    {file = "six-1.15.0.tar.gz", hash = "sha256:30639c035cdb23534cd4aa2dd52c3bf48f06e5f4a941509c8bafd8ce11080259"},
]
sympy = [
    {file = "sympy-1.7.1-py3-none-any.whl", hash = "sha256:c986df98babfb9f5ddea49ba7b69398f6d1cfada5ae0dc0431691cddaff851f6"},
    {file = "sympy-1.7.1.tar.gz", hash = "sha256:a3de9261e97535b83bb8607b0da2c7d03126650fafea2b2789657b229c246b2e"},
]
